{
    "_readme": [
        "This file locks the dependencies of your project to a known state",
        "Read more about it at https://getcomposer.org/doc/01-basic-usage.md#installing-dependencies",
        "This file is @generated automatically"
    ],
    "content-hash": "0a33e20592cfa5ee6fd6ed8ed414b5c6",
    "packages": [
        {
            "name": "jetbrains/phpstorm-attributes",
            "version": "1.2",
            "source": {
                "type": "git",
                "url": "https://github.com/JetBrains/phpstorm-attributes.git",
                "reference": "64de815a4509c29e00d5e3474087fd24c171afc2"
            },
            "dist": {
                "type": "zip",
                "url": "https://api.github.com/repos/JetBrains/phpstorm-attributes/zipball/64de815a4509c29e00d5e3474087fd24c171afc2",
                "reference": "64de815a4509c29e00d5e3474087fd24c171afc2",
                "shasum": ""
            },
            "type": "library",
            "autoload": {
                "psr-4": {
                    "JetBrains\\PhpStorm\\": "src/"
                }
            },
            "notification-url": "https://packagist.org/downloads/",
            "license": [
                "Apache-2.0"
            ],
            "authors": [
                {
                    "name": "JetBrains",
                    "homepage": "https://www.jetbrains.com"
                }
            ],
            "description": "PhpStorm specific attributes",
            "keywords": [
                "attributes",
                "jetbrains",
                "phpstorm"
            ],
            "support": {
                "issues": "https://youtrack.jetbrains.com/newIssue?project=WI",
                "source": "https://github.com/JetBrains/phpstorm-attributes/tree/1.2"
            },
            "time": "2024-10-11T10:46:19+00:00"
        },
        {
            "name": "raxos/contract",
            "version": "dev-main",
            "dist": {
                "type": "path",
                "url": "../contract",
                "reference": "0b4a947ca88d455b7d3e610d4da7af2987c3278d"
            },
            "require": {
                "ext-pdo": "*"
            },
            "type": "library",
            "autoload": {
                "psr-4": {
                    "Raxos\\Contract\\": "src/"
                }
            },
            "license": [
                "mit"
            ],
            "authors": [
                {
                    "name": "Bas Milius",
                    "email": "bas@mili.us"
                }
            ],
            "description": "Interfaces used in Raxos.",
            "transport-options": {
                "relative": true
            }
        },
        {
            "name": "raxos/error",
            "version": "dev-main",
            "dist": {
                "type": "path",
                "url": "../error",
                "reference": "cd5e99560c3577acfd627c7b1ca29cf33c5ea254"
            },
            "type": "library",
            "autoload": {
                "psr-4": {
                    "Raxos\\Error\\": "src/"
                }
            },
            "license": [
                "mit"
            ],
            "authors": [
                {
                    "name": "Bas Milius",
                    "email": "bas@mili.us"
                }
            ],
            "description": "Error handling related primitives.",
            "transport-options": {
                "relative": true
            }
        },
        {
            "name": "raxos/foundation",
            "version": "dev-main",
            "dist": {
                "type": "path",
                "url": "../foundation",
                "reference": "b3c8747f4300dd67affdc709d503b559ad3db6e5"
            },
            "require": {
                "ext-dom": "*",
                "ext-intl": "*",
                "ext-json": "*",
                "ext-mbstring": "*",
                "ext-openssl": "*",
                "ext-simplexml": "*",
                "jetbrains/phpstorm-attributes": "^1.2"
            },
            "type": "library",
            "autoload": {
                "files": [
                    "src/functions.php"
                ],
                "psr-4": {
                    "Raxos\\Foundation\\": "src/"
                }
            },
            "license": [
                "mit"
            ],
            "authors": [
                {
                    "name": "Bas Milius",
                    "email": "bas@mili.us"
                }
            ],
            "description": "Base stuff for all Raxos libraries.",
            "transport-options": {
                "relative": true
            }
        }
    ],
    "packages-dev": [],
    "aliases": [],
    "minimum-stability": "dev",
    "stability-flags": {},
    "prefer-stable": true,
    "prefer-lowest": false,
    "platform": {
        "ext-openssl": "*"
    },
    "platform-dev": {},
    "platform-overrides": {
        "php": "8.5"
    },
    "plugin-api-version": "2.9.0"
}
